        # Generated by pub. See: http://pub.dartlang.org/doc/glossary.html#lockfile
         {"packages":{"dartling":{"version":"0.0.9","source":"git","description":{"url":"git://github.com/dzenanr/dartling.git","ref":null,"resolved-ref":"36f6c2b7cc38dc3b7acd04e42bf29910fe2e2659"}},"browser":{"version":"0.4.0","source":"hosted","description":"browser"},"unittest":{"version":"0.4.0","source":"hosted","description":"unittest"},"meta":{"version":"0.4.0","source":"hosted","description":"meta"}}}
        