# Generated by pub
# See http://pub.dartlang.org/doc/glossary.html#lockfile

{"packages":{"dartling_default_app":{"version":"0.0.2","source":"git","description":{"url":"git://github.com/dzenanr/dartling_default_app.git","ref":null,"resolved-ref":"640ce8a29c09137b4ca9a65c339151ae969768bf"}},"dartling":{"version":"0.1.0","source":"git","description":{"url":"git://github.com/dzenanr/dartling.git","ref":null,"resolved-ref":"2a9d9ac4d0ed9a43e76e3d71883d056415fe77eb"}},"browser":{"version":"0.4.5+1","source":"hosted","description":"browser"},"unittest":{"version":"0.4.5+1","source":"hosted","description":"unittest"},"meta":{"version":"0.4.5+1","source":"hosted","description":"meta"}}}
